// !$*UTF8*$!
{
	archiveVersion = 1;
	classes = {
	};
	objectVersion = 46;
	objects = {

/* Begin PBXBuildFile section */
		08DB267B1BAE46A50073D2BB /* main.m in Sources */ = {isa = PBXBuildFile; fileRef = 08DB267A1BAE46A50073D2BB /* main.m */; };
		08DB267E1BAE46A50073D2BB /* AppDelegate.m in Sources */ = {isa = PBXBuildFile; fileRef = 08DB267D1BAE46A50073D2BB /* AppDelegate.m */; };
		08DB26811BAE46A50073D2BB /* ViewController.m in Sources */ = {isa = PBXBuildFile; fileRef = 08DB26801BAE46A50073D2BB /* ViewController.m */; };
		08DB26841BAE46A50073D2BB /* Main.storyboard in Resources */ = {isa = PBXBuildFile; fileRef = 08DB26821BAE46A50073D2BB /* Main.storyboard */; };
		08DB26861BAE46A50073D2BB /* Images.xcassets in Resources */ = {isa = PBXBuildFile; fileRef = 08DB26851BAE46A50073D2BB /* Images.xcassets */; };
		08DB26891BAE46A50073D2BB /* LaunchScreen.xib in Resources */ = {isa = PBXBuildFile; fileRef = 08DB26871BAE46A50073D2BB /* LaunchScreen.xib */; };
		08DB26951BAE46A50073D2BB /* stocksentimentTests.m in Sources */ = {isa = PBXBuildFile; fileRef = 08DB26941BAE46A50073D2BB /* stocksentimentTests.m */; };
/* End PBXBuildFile section */

/* Begin PBXContainerItemProxy section */
		08DB268F1BAE46A50073D2BB /* PBXContainerItemProxy */ = {
			isa = PBXContainerItemProxy;
			containerPortal = 08DB266D1BAE46A50073D2BB /* Project object */;
			proxyType = 1;
			remoteGlobalIDString = 08DB26741BAE46A50073D2BB;
			remoteInfo = stocksentiment;
		};
/* End PBXContainerItemProxy section */

/* Begin PBXFileReference section */
		08DB26751BAE46A50073D2BB /* stocksentiment.app */ = {isa = PBXFileReference; explicitFileType = wrapper.application; includeInIndex = 0; path = stocksentiment.app; sourceTree = BUILT_PRODUCTS_DIR; };
		08DB26791BAE46A50073D2BB /* Info.plist */ = {isa = PBXFileReference; lastKnownFileType = text.plist.xml; path = Info.plist; sourceTree = "<group>"; };
		08DB267A1BAE46A50073D2BB /* main.m */ = {isa = PBXFileReference; lastKnownFileType = sourcecode.c.objc; path = main.m; sourceTree = "<group>"; };
		08DB267C1BAE46A50073D2BB /* AppDelegate.h */ = {isa = PBXFileReference; lastKnownFileType = sourcecode.c.h; path = AppDelegate.h; sourceTree = "<group>"; };
		08DB267D1BAE46A50073D2BB /* AppDelegate.m */ = {isa = PBXFileReference; lastKnownFileType = sourcecode.c.objc; path = AppDelegate.m; sourceTree = "<group>"; };
		08DB267F1BAE46A50073D2BB /* ViewController.h */ = {isa = PBXFileReference; lastKnownFileType = sourcecode.c.h; path = ViewController.h; sourceTree = "<group>"; };
		08DB26801BAE46A50073D2BB /* ViewController.m */ = {isa = PBXFileReference; lastKnownFileType = sourcecode.c.objc; path = ViewController.m; sourceTree = "<group>"; };
		08DB26831BAE46A50073D2BB /* Base */ = {isa = PBXFileReference; lastKnownFileType = file.storyboard; name = Base; path = Base.lproj/Main.storyboard; sourceTree = "<group>"; };
		08DB26851BAE46A50073D2BB /* Images.xcassets */ = {isa = PBXFileReference; lastKnownFileType = folder.assetcatalog; path = Images.xcassets; sourceTree = "<group>"; };
		08DB26881BAE46A50073D2BB /* Base */ = {isa = PBXFileReference; lastKnownFileType = file.xib; name = Base; path = Base.lproj/LaunchScreen.xib; sourceTree = "<group>"; };
		08DB268E1BAE46A50073D2BB /* stocksentimentTests.xctest */ = {isa = PBXFileReference; explicitFileType = wrapper.cfbundle; includeInIndex = 0; path = stocksentimentTests.xctest; sourceTree = BUILT_PRODUCTS_DIR; };
		08DB26931BAE46A50073D2BB /* Info.plist */ = {isa = PBXFileReference; lastKnownFileType = text.plist.xml; path = Info.plist; sourceTree = "<group>"; };
		08DB26941BAE46A50073D2BB /* stocksentimentTests.m */ = {isa = PBXFileReference; lastKnownFileType = sourcecode.c.objc; path = stocksentimentTests.m; sourceTree = "<group>"; };
/* End PBXFileReference section */

/* Begin PBXFrameworksBuildPhase section */
		08DB26721BAE46A50073D2BB /* Frameworks */ = {
			isa = PBXFrameworksBuildPhase;
			buildActionMask = 2147483647;
			files = (
			);
			runOnlyForDeploymentPostprocessing = 0;
		};
		08DB268B1BAE46A50073D2BB /* Frameworks */ = {
			isa = PBXFrameworksBuildPhase;
			buildActionMask = 2147483647;
			files = (
			);
			runOnlyForDeploymentPostprocessing = 0;
		};
/* End PBXFrameworksBuildPhase section */

/* Begin PBXGroup section */
		08DB266C1BAE46A50073D2BB = {
			isa = PBXGroup;
			children = (
				08DB26771BAE46A50073D2BB /* stocksentiment */,
				08DB26911BAE46A50073D2BB /* stocksentimentTests */,
				08DB26761BAE46A50073D2BB /* Products */,
			);
			sourceTree = "<group>";
		};
		08DB26761BAE46A50073D2BB /* Products */ = {
			isa = PBXGroup;
			children = (
				08DB26751BAE46A50073D2BB /* stocksentiment.app */,
				08DB268E1BAE46A50073D2BB /* stocksentimentTests.xctest */,
			);
			name = Products;
			sourceTree = "<group>";
		};
		08DB26771BAE46A50073D2BB /* stocksentiment */ = {
			isa = PBXGroup;
			children = (
				08DB267C1BAE46A50073D2BB /* AppDelegate.h */,
				08DB267D1BAE46A50073D2BB /* AppDelegate.m */,
				08DB267F1BAE46A50073D2BB /* ViewController.h */,
				08DB26801BAE46A50073D2BB /* ViewController.m */,
				08DB26821BAE46A50073D2BB /* Main.storyboard */,
				08DB26851BAE46A50073D2BB /* Images.xcassets */,
				08DB26871BAE46A50073D2BB /* LaunchScreen.xib */,
				08DB26781BAE46A50073D2BB /* Supporting Files */,
			);
			path = stocksentiment;
			sourceTree = "<group>";
		};
		08DB26781BAE46A50073D2BB /* Supporting Files */ = {
			isa = PBXGroup;
			children = (
				08DB26791BAE46A50073D2BB /* Info.plist */,
				08DB267A1BAE46A50073D2BB /* main.m */,
			);
			name = "Supporting Files";
			sourceTree = "<group>";
		};
		08DB26911BAE46A50073D2BB /* stocksentimentTests */ = {
			isa = PBXGroup;
			children = (
				08DB26941BAE46A50073D2BB /* stocksentimentTests.m */,
				08DB26921BAE46A50073D2BB /* Supporting Files */,
			);
			path = stocksentimentTests;
			sourceTree = "<group>";
		};
		08DB26921BAE46A50073D2BB /* Supporting Files */ = {
			isa = PBXGroup;
			children = (
				08DB26931BAE46A50073D2BB /* Info.plist */,
			);
			name = "Supporting Files";
			sourceTree = "<group>";
		};
/* End PBXGroup section */

/* Begin PBXNativeTarget section */
		08DB26741BAE46A50073D2BB /* stocksentiment */ = {
			isa = PBXNativeTarget;
			buildConfigurationList = 08DB26981BAE46A50073D2BB /* Build configuration list for PBXNativeTarget "stocksentiment" */;
			buildPhases = (
				08DB26711BAE46A50073D2BB /* Sources */,
				08DB26721BAE46A50073D2BB /* Frameworks */,
				08DB26731BAE46A50073D2BB /* Resources */,
			);
			buildRules = (
			);
			dependencies = (
			);
			name = stocksentiment;
			productName = stocksentiment;
			productReference = 08DB26751BAE46A50073D2BB /* stocksentiment.app */;
			productType = "com.apple.product-type.application";
		};
		08DB268D1BAE46A50073D2BB /* stocksentimentTests */ = {
			isa = PBXNativeTarget;
			buildConfigurationList = 08DB269B1BAE46A50073D2BB /* Build configuration list for PBXNativeTarget "stocksentimentTests" */;
			buildPhases = (
				08DB268A1BAE46A50073D2BB /* Sources */,
				08DB268B1BAE46A50073D2BB /* Frameworks */,
				08DB268C1BAE46A50073D2BB /* Resources */,
			);
			buildRules = (
			);
			dependencies = (
				08DB26901BAE46A50073D2BB /* PBXTargetDependency */,
			);
			name = stocksentimentTests;
			productName = stocksentimentTests;
			productReference = 08DB268E1BAE46A50073D2BB /* stocksentimentTests.xctest */;
			productType = "com.apple.product-type.bundle.unit-test";
		};
/* End PBXNativeTarget section */

/* Begin PBXProject section */
		08DB266D1BAE46A50073D2BB /* Project object */ = {
			isa = PBXProject;
			attributes = {
				LastUpgradeCheck = 0610;
				ORGANIZATIONNAME = "Sushain Pandit";
				TargetAttributes = {
					08DB26741BAE46A50073D2BB = {
						CreatedOnToolsVersion = 6.1.1;
					};
					08DB268D1BAE46A50073D2BB = {
						CreatedOnToolsVersion = 6.1.1;
						TestTargetID = 08DB26741BAE46A50073D2BB;
					};
				};
			};
			buildConfigurationList = 08DB26701BAE46A50073D2BB /* Build configuration list for PBXProject "stocksentiment" */;
			compatibilityVersion = "Xcode 3.2";
			developmentRegion = English;
			hasScannedForEncodings = 0;
			knownRegions = (
				en,
				Base,
			);
			mainGroup = 08DB266C1BAE46A50073D2BB;
			productRefGroup = 08DB26761BAE46A50073D2BB /* Products */;
			projectDirPath = "";
			projectRoot = "";
			targets = (
				08DB26741BAE46A50073D2BB /* stocksentiment */,
				08DB268D1BAE46A50073D2BB /* stocksentimentTests */,
			);
		};
/* End PBXProject section */

/* Begin PBXResourcesBuildPhase section */
		08DB26731BAE46A50073D2BB /* Resources */ = {
			isa = PBXResourcesBuildPhase;
			buildActionMask = 2147483647;
			files = (
				08DB26841BAE46A50073D2BB /* Main.storyboard in Resources */,
				08DB26891BAE46A50073D2BB /* LaunchScreen.xib in Resources */,
				08DB26861BAE46A50073D2BB /* Images.xcassets in Resources */,
			);
			runOnlyForDeploymentPostprocessing = 0;
		};
		08DB268C1BAE46A50073D2BB /* Resources */ = {
			isa = PBXResourcesBuildPhase;
			buildActionMask = 2147483647;
			files = (
			);
			runOnlyForDeploymentPostprocessing = 0;
		};
/* End PBXResourcesBuildPhase section */

/* Begin PBXSourcesBuildPhase section */
		08DB26711BAE46A50073D2BB /* Sources */ = {
			isa = PBXSourcesBuildPhase;
			buildActionMask = 2147483647;
			files = (
				08DB26811BAE46A50073D2BB /* ViewController.m in Sources */,
				08DB267E1BAE46A50073D2BB /* AppDelegate.m in Sources */,
				08DB267B1BAE46A50073D2BB /* main.m in Sources */,
			);
			runOnlyForDeploymentPostprocessing = 0;
		};
		08DB268A1BAE46A50073D2BB /* Sources */ = {
			isa = PBXSourcesBuildPhase;
			buildActionMask = 2147483647;
			files = (
				08DB26951BAE46A50073D2BB /* stocksentimentTests.m in Sources */,
			);
			runOnlyForDeploymentPostprocessing = 0;
		};
/* End PBXSourcesBuildPhase section */

/* Begin PBXTargetDependency section */
		08DB26901BAE46A50073D2BB /* PBXTargetDependency */ = {
			isa = PBXTargetDependency;
			target = 08DB26741BAE46A50073D2BB /* stocksentiment */;
			targetProxy = 08DB268F1BAE46A50073D2BB /* PBXContainerItemProxy */;
		};
/* End PBXTargetDependency section */

/* Begin PBXVariantGroup section */
		08DB26821BAE46A50073D2BB /* Main.storyboard */ = {
			isa = PBXVariantGroup;
			children = (
				08DB26831BAE46A50073D2BB /* Base */,
			);
			name = Main.storyboard;
			sourceTree = "<group>";
		};
		08DB26871BAE46A50073D2BB /* LaunchScreen.xib */ = {
			isa = PBXVariantGroup;
			children = (
				08DB26881BAE46A50073D2BB /* Base */,
			);
			name = LaunchScreen.xib;
			sourceTree = "<group>";
		};
/* End PBXVariantGroup section */

/* Begin XCBuildConfiguration section */
		08DB26961BAE46A50073D2BB /* Debug */ = {
			isa = XCBuildConfiguration;
			buildSettings = {
				ALWAYS_SEARCH_USER_PATHS = NO;
				CLANG_CXX_LANGUAGE_STANDARD = "gnu++0x";
				CLANG_CXX_LIBRARY = "libc++";
				CLANG_ENABLE_MODULES = YES;
				CLANG_ENABLE_OBJC_ARC = YES;
				CLANG_WARN_BOOL_CONVERSION = YES;
				CLANG_WARN_CONSTANT_CONVERSION = YES;
				CLANG_WARN_DIRECT_OBJC_ISA_USAGE = YES_ERROR;
				CLANG_WARN_EMPTY_BODY = YES;
				CLANG_WARN_ENUM_CONVERSION = YES;
				CLANG_WARN_INT_CONVERSION = YES;
				CLANG_WARN_OBJC_ROOT_CLASS = YES_ERROR;
				CLANG_WARN_UNREACHABLE_CODE = YES;
				CLANG_WARN__DUPLICATE_METHOD_MATCH = YES;
				"CODE_SIGN_IDENTITY[sdk=iphoneos*]" = "iPhone Developer";
				COPY_PHASE_STRIP = NO;
				ENABLE_STRICT_OBJC_MSGSEND = YES;
				GCC_C_LANGUAGE_STANDARD = gnu99;
				GCC_DYNAMIC_NO_PIC = NO;
				GCC_OPTIMIZATION_LEVEL = 0;
				GCC_PREPROCESSOR_DEFINITIONS = (
					"DEBUG=1",
					"$(inherited)",
				);
				GCC_SYMBOLS_PRIVATE_EXTERN = NO;
				GCC_WARN_64_TO_32_BIT_CONVERSION = YES;
				GCC_WARN_ABOUT_RETURN_TYPE = YES_ERROR;
				GCC_WARN_UNDECLARED_SELECTOR = YES;
				GCC_WARN_UNINITIALIZED_AUTOS = YES_AGGRESSIVE;
				GCC_WARN_UNUSED_FUNCTION = YES;
				GCC_WARN_UNUSED_VARIABLE = YES;
				IPHONEOS_DEPLOYMENT_TARGET = 8.1;
				MTL_ENABLE_DEBUG_INFO = YES;
				ONLY_ACTIVE_ARCH = YES;
				SDKROOT = iphoneos;
			};
			name = Debug;
		};
		08DB26971BAE46A50073D2BB /* Release */ = {
			isa = XCBuildConfiguration;
			buildSettings = {
				ALWAYS_SEARCH_USER_PATHS = NO;
				CLANG_CXX_LANGUAGE_STANDARD = "gnu++0x";
				CLANG_CXX_LIBRARY = "libc++";
				CLANG_ENABLE_MODULES = YES;
				CLANG_ENABLE_OBJC_ARC = YES;
				CLANG_WARN_BOOL_CONVERSION = YES;
				CLANG_WARN_CONSTANT_CONVERSION = YES;
				CLANG_WARN_DIRECT_OBJC_ISA_USAGE = YES_ERROR;
				CLANG_WARN_EMPTY_BODY = YES;
				CLANG_WARN_ENUM_CONVERSION = YES;
				CLANG_WARN_INT_CONVERSION = YES;
				CLANG_WARN_OBJC_ROOT_CLASS = YES_ERROR;
				CLANG_WARN_UNREACHABLE_CODE = YES;
				CLANG_WARN__DUPLICATE_METHOD_MATCH = YES;
				"CODE_SIGN_IDENTITY[sdk=iphoneos*]" = "iPhone Developer";
				COPY_PHASE_STRIP = YES;
				ENABLE_NS_ASSERTIONS = NO;
				ENABLE_STRICT_OBJC_MSGSEND = YES;
				GCC_C_LANGUAGE_STANDARD = gnu99;
				GCC_WARN_64_TO_32_BIT_CONVERSION = YES;
				GCC_WARN_ABOUT_RETURN_TYPE = YES_ERROR;
				GCC_WARN_UNDECLARED_SELECTOR = YES;
				GCC_WARN_UNINITIALIZED_AUTOS = YES_AGGRESSIVE;
				GCC_WARN_UNUSED_FUNCTION = YES;
				GCC_WARN_UNUSED_VARIABLE = YES;
				IPHONEOS_DEPLOYMENT_TARGET = 8.1;
				MTL_ENABLE_DEBUG_INFO = NO;
				SDKROOT = iphoneos;
				VALIDATE_PRODUCT = YES;
			};
			name = Release;
		};
		08DB26991BAE46A50073D2BB /* Debug */ = {
			isa = XCBuildConfiguration;
			buildSettings = {
				ASSETCATALOG_COMPILER_APPICON_NAME = AppIcon;
				INFOPLIST_FILE = stocksentiment/Info.plist;
				LD_RUNPATH_SEARCH_PATHS = "$(inherited) @executable_path/Frameworks";
				PRODUCT_NAME = "$(TARGET_NAME)";
			};
			name = Debug;
		};
		08DB269A1BAE46A50073D2BB /* Release */ = {
			isa = XCBuildConfiguration;
			buildSettings = {
				ASSETCATALOG_COMPILER_APPICON_NAME = AppIcon;
				INFOPLIST_FILE = stocksentiment/Info.plist;
				LD_RUNPATH_SEARCH_PATHS = "$(inherited) @executable_path/Frameworks";
				PRODUCT_NAME = "$(TARGET_NAME)";
			};
			name = Release;
		};
		08DB269C1BAE46A50073D2BB /* Debug */ = {
			isa = XCBuildConfiguration;
			buildSettings = {
				BUNDLE_LOADER = "$(TEST_HOST)";
				FRAMEWORK_SEARCH_PATHS = (
					"$(SDKROOT)/Developer/Library/Frameworks",
					"$(inherited)",
				);
				GCC_PREPROCESSOR_DEFINITIONS = (
					"DEBUG=1",
					"$(inherited)",
				);
				INFOPLIST_FILE = stocksentimentTests/Info.plist;
				LD_RUNPATH_SEARCH_PATHS = "$(inherited) @executable_path/Frameworks @loader_path/Frameworks";
				PRODUCT_NAME = "$(TARGET_NAME)";
				TEST_HOST = "$(BUILT_PRODUCTS_DIR)/stocksentiment.app/stocksentiment";
			};
			name = Debug;
		};
		08DB269D1BAE46A50073D2BB /* Release */ = {
			isa = XCBuildConfiguration;
			buildSettings = {
				BUNDLE_LOADER = "$(TEST_HOST)";
				FRAMEWORK_SEARCH_PATHS = (
					"$(SDKROOT)/Developer/Library/Frameworks",
					"$(inherited)",
				);
				INFOPLIST_FILE = stocksentimentTests/Info.plist;
				LD_RUNPATH_SEARCH_PATHS = "$(inherited) @executable_path/Frameworks @loader_path/Frameworks";
				PRODUCT_NAME = "$(TARGET_NAME)";
				TEST_HOST = "$(BUILT_PRODUCTS_DIR)/stocksentiment.app/stocksentiment";
			};
			name = Release;
		};
/* End XCBuildConfiguration section */

/* Begin XCConfigurationList section */
		08DB26701BAE46A50073D2BB /* Build configuration list for PBXProject "stocksentiment" */ = {
			isa = XCConfigurationList;
			buildConfigurations = (
				08DB26961BAE46A50073D2BB /* Debug */,
				08DB26971BAE46A50073D2BB /* Release */,
			);
			defaultConfigurationIsVisible = 0;
			defaultConfigurationName = Release;
		};
		08DB26981BAE46A50073D2BB /* Build configuration list for PBXNativeTarget "stocksentiment" */ = {
			isa = XCConfigurationList;
			buildConfigurations = (
				08DB26991BAE46A50073D2BB /* Debug */,
				08DB269A1BAE46A50073D2BB /* Release */,
			);
			defaultConfigurationIsVisible = 0;
		};
		08DB269B1BAE46A50073D2BB /* Build configuration list for PBXNativeTarget "stocksentimentTests" */ = {
			isa = XCConfigurationList;
			buildConfigurations = (
				08DB269C1BAE46A50073D2BB /* Debug */,
				08DB269D1BAE46A50073D2BB /* Release */,
			);
			defaultConfigurationIsVisible = 0;
		};
/* End XCConfigurationList section */
	};
	rootObject = 08DB266D1BAE46A50073D2BB /* Project object */;
}
